
Microsoft Visual Studio Solution File, Format Version 12.00
# Visual Studio Version 17
VisualStudioVersion = 17.2.32519.379
MinimumVisualStudioVersion = 10.0.40219.1
Project("{FAE04EC0-301F-11D3-BF4B-00C04F79EFBC}") = "ex220707", "ex220707\ex220707.csproj", "{14890832-EF65-4708-9441-EF0B1DB3F793}"
EndProject
Global
	GlobalSection(SolutionConfigurationPlatforms) = preSolution
		Debug|Any CPU = Debug|Any CPU
		Release|Any CPU = Release|Any CPU
	EndGlobalSection
	GlobalSection(ProjectConfigurationPlatforms) = postSolution
		{14890832-EF65-4708-9441-EF0B1DB3F793}.Debug|Any CPU.ActiveCfg = Debug|Any CPU
		{14890832-EF65-4708-9441-EF0B1DB3F793}.Debug|Any CPU.Build.0 = Debug|Any CPU
		{14890832-EF65-4708-9441-EF0B1DB3F793}.Release|Any CPU.ActiveCfg = Release|Any CPU
		{14890832-EF65-4708-9441-EF0B1DB3F793}.Release|Any CPU.Build.0 = Release|Any CPU
	EndGlobalSection
	GlobalSection(SolutionProperties) = preSolution
		HideSolutionNode = FALSE
	EndGlobalSection
	GlobalSection(ExtensibilityGlobals) = postSolution
		SolutionGuid = {7C8BFA8C-B549-4315-A4F2-CCCDA9CDB0A6}
	EndGlobalSection
EndGlobal
