
Microsoft Visual Studio Solution File, Format Version 12.00
# Visual Studio Version 17
VisualStudioVersion = 17.2.32519.379
MinimumVisualStudioVersion = 10.0.40219.1
Project("{FAE04EC0-301F-11D3-BF4B-00C04F79EFBC}") = "ex220718", "ex220718\ex220718.csproj", "{DCD86A12-FE8C-4CBF-AE3F-75D1D0B39715}"
EndProject
Global
	GlobalSection(SolutionConfigurationPlatforms) = preSolution
		Debug|Any CPU = Debug|Any CPU
		Release|Any CPU = Release|Any CPU
	EndGlobalSection
	GlobalSection(ProjectConfigurationPlatforms) = postSolution
		{DCD86A12-FE8C-4CBF-AE3F-75D1D0B39715}.Debug|Any CPU.ActiveCfg = Debug|Any CPU
		{DCD86A12-FE8C-4CBF-AE3F-75D1D0B39715}.Debug|Any CPU.Build.0 = Debug|Any CPU
		{DCD86A12-FE8C-4CBF-AE3F-75D1D0B39715}.Release|Any CPU.ActiveCfg = Release|Any CPU
		{DCD86A12-FE8C-4CBF-AE3F-75D1D0B39715}.Release|Any CPU.Build.0 = Release|Any CPU
	EndGlobalSection
	GlobalSection(SolutionProperties) = preSolution
		HideSolutionNode = FALSE
	EndGlobalSection
	GlobalSection(ExtensibilityGlobals) = postSolution
		SolutionGuid = {98351D7D-3EA8-4BB0-B75A-156C8443ACFA}
	EndGlobalSection
EndGlobal
