
Microsoft Visual Studio Solution File, Format Version 12.00
# Visual Studio Version 17
VisualStudioVersion = 17.2.32519.379
MinimumVisualStudioVersion = 10.0.40219.1
Project("{FAE04EC0-301F-11D3-BF4B-00C04F79EFBC}") = "ImageControllerApp", "ImageControllerApp\ImageControllerApp.csproj", "{228BAF95-6DD6-4F3D-BFCF-DABB44DF9DEE}"
EndProject
Global
	GlobalSection(SolutionConfigurationPlatforms) = preSolution
		Debug|Any CPU = Debug|Any CPU
		Release|Any CPU = Release|Any CPU
	EndGlobalSection
	GlobalSection(ProjectConfigurationPlatforms) = postSolution
		{228BAF95-6DD6-4F3D-BFCF-DABB44DF9DEE}.Debug|Any CPU.ActiveCfg = Debug|Any CPU
		{228BAF95-6DD6-4F3D-BFCF-DABB44DF9DEE}.Debug|Any CPU.Build.0 = Debug|Any CPU
		{228BAF95-6DD6-4F3D-BFCF-DABB44DF9DEE}.Release|Any CPU.ActiveCfg = Release|Any CPU
		{228BAF95-6DD6-4F3D-BFCF-DABB44DF9DEE}.Release|Any CPU.Build.0 = Release|Any CPU
	EndGlobalSection
	GlobalSection(SolutionProperties) = preSolution
		HideSolutionNode = FALSE
	EndGlobalSection
	GlobalSection(ExtensibilityGlobals) = postSolution
		SolutionGuid = {AF6F61D9-0195-4E15-9C6B-494A1AF1A7BC}
	EndGlobalSection
EndGlobal
