
Microsoft Visual Studio Solution File, Format Version 12.00
# Visual Studio Version 17
VisualStudioVersion = 17.2.32519.379
MinimumVisualStudioVersion = 10.0.40219.1
Project("{FAE04EC0-301F-11D3-BF4B-00C04F79EFBC}") = "220721_황형준_분할컴파일", "220721_황형준_분할컴파일\220721_황형준_분할컴파일.csproj", "{EED51C73-BB79-45BE-9BB0-AE2DF21A46AB}"
EndProject
Global
	GlobalSection(SolutionConfigurationPlatforms) = preSolution
		Debug|Any CPU = Debug|Any CPU
		Release|Any CPU = Release|Any CPU
	EndGlobalSection
	GlobalSection(ProjectConfigurationPlatforms) = postSolution
		{EED51C73-BB79-45BE-9BB0-AE2DF21A46AB}.Debug|Any CPU.ActiveCfg = Debug|Any CPU
		{EED51C73-BB79-45BE-9BB0-AE2DF21A46AB}.Debug|Any CPU.Build.0 = Debug|Any CPU
		{EED51C73-BB79-45BE-9BB0-AE2DF21A46AB}.Release|Any CPU.ActiveCfg = Release|Any CPU
		{EED51C73-BB79-45BE-9BB0-AE2DF21A46AB}.Release|Any CPU.Build.0 = Release|Any CPU
	EndGlobalSection
	GlobalSection(SolutionProperties) = preSolution
		HideSolutionNode = FALSE
	EndGlobalSection
	GlobalSection(ExtensibilityGlobals) = postSolution
		SolutionGuid = {2EA38005-1B7B-4E3B-914C-730727F17DD3}
	EndGlobalSection
EndGlobal
