
Microsoft Visual Studio Solution File, Format Version 12.00
# Visual Studio Version 17
VisualStudioVersion = 17.2.32519.379
MinimumVisualStudioVersion = 10.0.40219.1
Project("{FAE04EC0-301F-11D3-BF4B-00C04F79EFBC}") = "ex220712", "ex220712\ex220712.csproj", "{E104928F-67A1-4CD1-88F5-8CC9430368EE}"
EndProject
Global
	GlobalSection(SolutionConfigurationPlatforms) = preSolution
		Debug|Any CPU = Debug|Any CPU
		Release|Any CPU = Release|Any CPU
	EndGlobalSection
	GlobalSection(ProjectConfigurationPlatforms) = postSolution
		{E104928F-67A1-4CD1-88F5-8CC9430368EE}.Debug|Any CPU.ActiveCfg = Debug|Any CPU
		{E104928F-67A1-4CD1-88F5-8CC9430368EE}.Debug|Any CPU.Build.0 = Debug|Any CPU
		{E104928F-67A1-4CD1-88F5-8CC9430368EE}.Release|Any CPU.ActiveCfg = Release|Any CPU
		{E104928F-67A1-4CD1-88F5-8CC9430368EE}.Release|Any CPU.Build.0 = Release|Any CPU
	EndGlobalSection
	GlobalSection(SolutionProperties) = preSolution
		HideSolutionNode = FALSE
	EndGlobalSection
	GlobalSection(ExtensibilityGlobals) = postSolution
		SolutionGuid = {29834B57-182D-42E0-A8A6-5CDE02E7CC80}
	EndGlobalSection
EndGlobal
