
Microsoft Visual Studio Solution File, Format Version 12.00
# Visual Studio Version 17
VisualStudioVersion = 17.2.32519.379
MinimumVisualStudioVersion = 10.0.40219.1
Project("{FAE04EC0-301F-11D3-BF4B-00C04F79EFBC}") = "ex220708", "ex220708\ex220708.csproj", "{08FBB647-347C-45C0-8995-D63460441D32}"
EndProject
Global
	GlobalSection(SolutionConfigurationPlatforms) = preSolution
		Debug|Any CPU = Debug|Any CPU
		Release|Any CPU = Release|Any CPU
	EndGlobalSection
	GlobalSection(ProjectConfigurationPlatforms) = postSolution
		{08FBB647-347C-45C0-8995-D63460441D32}.Debug|Any CPU.ActiveCfg = Debug|Any CPU
		{08FBB647-347C-45C0-8995-D63460441D32}.Debug|Any CPU.Build.0 = Debug|Any CPU
		{08FBB647-347C-45C0-8995-D63460441D32}.Release|Any CPU.ActiveCfg = Release|Any CPU
		{08FBB647-347C-45C0-8995-D63460441D32}.Release|Any CPU.Build.0 = Release|Any CPU
	EndGlobalSection
	GlobalSection(SolutionProperties) = preSolution
		HideSolutionNode = FALSE
	EndGlobalSection
	GlobalSection(ExtensibilityGlobals) = postSolution
		SolutionGuid = {34E91819-212F-486A-9430-081590778FA2}
	EndGlobalSection
EndGlobal
