
Microsoft Visual Studio Solution File, Format Version 12.00
# Visual Studio Version 17
VisualStudioVersion = 17.2.32519.379
MinimumVisualStudioVersion = 10.0.40219.1
Project("{FAE04EC0-301F-11D3-BF4B-00C04F79EFBC}") = "220720_황형준_BITMAP", "220720_황형준_BITMAP\220720_황형준_BITMAP.csproj", "{B5ACEC0E-32AB-43BE-97F0-D0ED5C2C2EDF}"
EndProject
Global
	GlobalSection(SolutionConfigurationPlatforms) = preSolution
		Debug|Any CPU = Debug|Any CPU
		Release|Any CPU = Release|Any CPU
	EndGlobalSection
	GlobalSection(ProjectConfigurationPlatforms) = postSolution
		{B5ACEC0E-32AB-43BE-97F0-D0ED5C2C2EDF}.Debug|Any CPU.ActiveCfg = Debug|Any CPU
		{B5ACEC0E-32AB-43BE-97F0-D0ED5C2C2EDF}.Debug|Any CPU.Build.0 = Debug|Any CPU
		{B5ACEC0E-32AB-43BE-97F0-D0ED5C2C2EDF}.Release|Any CPU.ActiveCfg = Release|Any CPU
		{B5ACEC0E-32AB-43BE-97F0-D0ED5C2C2EDF}.Release|Any CPU.Build.0 = Release|Any CPU
	EndGlobalSection
	GlobalSection(SolutionProperties) = preSolution
		HideSolutionNode = FALSE
	EndGlobalSection
	GlobalSection(ExtensibilityGlobals) = postSolution
		SolutionGuid = {3B361E6A-D5C7-4FC7-A77C-B75CA3580848}
	EndGlobalSection
EndGlobal
